{
  "name": "zig-client-js",
  "version": "0.1.0",
  "lockfileVersion": 1,
  "requires": true,
  "dependencies": {
    "commander": {
      "version": "2.13.0",
      "resolved": "https://registry.npmjs.org/commander/-/commander-2.13.0.tgz",
      "integrity": "sha1-aWS8pnaF33wfFDDFhPB9dZeIW5w="
    },
    "source-map": {
      "version": "0.6.1",
      "resolved": "https://registry.npmjs.org/source-map/-/source-map-0.6.1.tgz",
      "integrity": "sha1-dHIq8y6WFOnCh6jQu95IteLxomM="
    },
    "typescript": {
      "version": "2.6.2",
      "resolved": "https://registry.npmjs.org/typescript/-/typescript-2.6.2.tgz",
      "integrity": "sha1-PFtv1/beCRQmkCfwPAlGdY92c6Q="
    },
    "uglify-js": {
      "version": "3.3.8",
      "resolved": "https://registry.npmjs.org/uglify-js/-/uglify-js-3.3.8.tgz",
      "integrity": "sha1-Ueml23OvtTrJhgPQgiTtzQvkX9g=",
      "requires": {
        "commander": "2.13.0",
        "source-map": "0.6.1"
      }
    }
  }
}
